dependencies:
- name: prometheus-statsd-exporter
  repository: https://prometheus-community.github.io/helm-charts
  version: 1.0.0
- name: opensearch
  repository: https://opensearch-project.github.io/helm-charts
  version: 2.35.1
- name: mongodb
  repository: https://charts.bitnami.com/bitnami
  version: 16.5.45
- name: rabbitmq
  repository: https://charts.bitnami.com/bitnami
  version: 16.0.14
- name: minio
  repository: https://charts.bitnami.com/bitnami
  version: 17.0.21
digest: sha256:364d507353e829442f0bcde9493fa1c47d8f70b1e04a6a07290f7dc1c23c4b9c
generated: "2026-09-25T19:08:46.766405+03:00"
