dependencies:
- name: postgresql
  repository: https://charts.bitnami.com/bitnami
  version: 13.4.4
- name: milvus
  repository: https://zilliztech.github.io/milvus-helm/
  version: 4.1.28
digest: sha256:84e8fad4c5b1ade0576600126afa6c7799fa4c977412aaa501baf62ba2411be1
generated: "2024-05-30T14:49:20.130660004+03:00"
