dependencies:
- name: postgresql
  repository: https://charts.bitnami.com/bitnami
  version: 11.9.13
- name: milvus
  repository: https://milvus-io.github.io/milvus-helm
  version: 4.0.8
digest: sha256:b2ebbf0c4b986b22af74fe72f97b98422ae397d6ed684e9b6934cd909d4a96bf
generated: "2023-03-07T13:05:47.703494171+03:00"
